
Microsoft Visual Studio Solution File, Format Version 12.00
# Visual Studio Version 17
VisualStudioVersion = 17.11.35219.272
MinimumVisualStudioVersion = 10.0.40219.1
Project("{FAE04EC0-301F-11D3-BF4B-00C04F79EFBC}") = "Command", "Command\Command.csproj", "{93C088CB-A53E-458B-90D2-B7A9A1CD1538}"
EndProject
Global
	GlobalSection(SolutionConfigurationPlatforms) = preSolution
		Debug|Any CPU = Debug|Any CPU
		Release|Any CPU = Release|Any CPU
	EndGlobalSection
	GlobalSection(ProjectConfigurationPlatforms) = postSolution
		{93C088CB-A53E-458B-90D2-B7A9A1CD1538}.Debug|Any CPU.ActiveCfg = Debug|Any CPU
		{93C088CB-A53E-458B-90D2-B7A9A1CD1538}.Debug|Any CPU.Build.0 = Debug|Any CPU
		{93C088CB-A53E-458B-90D2-B7A9A1CD1538}.Release|Any CPU.ActiveCfg = Release|Any CPU
		{93C088CB-A53E-458B-90D2-B7A9A1CD1538}.Release|Any CPU.Build.0 = Release|Any CPU
	EndGlobalSection
	GlobalSection(SolutionProperties) = preSolution
		HideSolutionNode = FALSE
	EndGlobalSection
	GlobalSection(ExtensibilityGlobals) = postSolution
		SolutionGuid = {936CD46D-7F78-4F6A-AD7E-B7A5B170037E}
	EndGlobalSection
EndGlobal
